
Microsoft Visual Studio Solution File, Format Version 12.00
# Visual Studio Version 16
VisualStudioVersion = 16.0.29806.167
MinimumVisualStudioVersion = 10.0.40219.1
Project("{FAE04EC0-301F-11D3-BF4B-00C04F79EFBC}") = "LABA2_OOP", "LABA2_OOP\LABA2_OOP.csproj", "{7BFA4C04-BF68-4755-8563-FDDB75EC38EC}"
EndProject
Project("{FAE04EC0-301F-11D3-BF4B-00C04F79EFBC}") = "Bz2Archive", "Bz2Archive\Bz2Archive.csproj", "{E3ADFDAA-0B2F-42C2-9ACD-49A9B63A765E}"
EndProject
Project("{FAE04EC0-301F-11D3-BF4B-00C04F79EFBC}") = "GzArchive", "GzArchive\GzArchive.csproj", "{F48C7277-8E53-435B-AF56-6EE2FD13631B}"
EndProject
Project("{FAE04EC0-301F-11D3-BF4B-00C04F79EFBC}") = "ZipArchive", "ZipArchive\ZipArchive.csproj", "{1D53974E-7DF1-4EA1-AD57-A0FDEDE3DAA1}"
EndProject
Project("{FAE04EC0-301F-11D3-BF4B-00C04F79EFBC}") = "ZipInterface", "ZipInterface\ZipInterface.csproj", "{706FD1E3-5E64-4F71-9A1F-828357FCF2B9}"
EndProject
Global
	GlobalSection(SolutionConfigurationPlatforms) = preSolution
		Debug|Any CPU = Debug|Any CPU
		Release|Any CPU = Release|Any CPU
	EndGlobalSection
	GlobalSection(ProjectConfigurationPlatforms) = postSolution
		{7BFA4C04-BF68-4755-8563-FDDB75EC38EC}.Debug|Any CPU.ActiveCfg = Debug|Any CPU
		{7BFA4C04-BF68-4755-8563-FDDB75EC38EC}.Debug|Any CPU.Build.0 = Debug|Any CPU
		{7BFA4C04-BF68-4755-8563-FDDB75EC38EC}.Release|Any CPU.ActiveCfg = Release|Any CPU
		{7BFA4C04-BF68-4755-8563-FDDB75EC38EC}.Release|Any CPU.Build.0 = Release|Any CPU
		{E3ADFDAA-0B2F-42C2-9ACD-49A9B63A765E}.Debug|Any CPU.ActiveCfg = Debug|Any CPU
		{E3ADFDAA-0B2F-42C2-9ACD-49A9B63A765E}.Debug|Any CPU.Build.0 = Debug|Any CPU
		{E3ADFDAA-0B2F-42C2-9ACD-49A9B63A765E}.Release|Any CPU.ActiveCfg = Release|Any CPU
		{E3ADFDAA-0B2F-42C2-9ACD-49A9B63A765E}.Release|Any CPU.Build.0 = Release|Any CPU
		{F48C7277-8E53-435B-AF56-6EE2FD13631B}.Debug|Any CPU.ActiveCfg = Debug|Any CPU
		{F48C7277-8E53-435B-AF56-6EE2FD13631B}.Debug|Any CPU.Build.0 = Debug|Any CPU
		{F48C7277-8E53-435B-AF56-6EE2FD13631B}.Release|Any CPU.ActiveCfg = Release|Any CPU
		{F48C7277-8E53-435B-AF56-6EE2FD13631B}.Release|Any CPU.Build.0 = Release|Any CPU
		{1D53974E-7DF1-4EA1-AD57-A0FDEDE3DAA1}.Debug|Any CPU.ActiveCfg = Debug|Any CPU
		{1D53974E-7DF1-4EA1-AD57-A0FDEDE3DAA1}.Debug|Any CPU.Build.0 = Debug|Any CPU
		{1D53974E-7DF1-4EA1-AD57-A0FDEDE3DAA1}.Release|Any CPU.ActiveCfg = Release|Any CPU
		{1D53974E-7DF1-4EA1-AD57-A0FDEDE3DAA1}.Release|Any CPU.Build.0 = Release|Any CPU
		{706FD1E3-5E64-4F71-9A1F-828357FCF2B9}.Debug|Any CPU.ActiveCfg = Debug|Any CPU
		{706FD1E3-5E64-4F71-9A1F-828357FCF2B9}.Debug|Any CPU.Build.0 = Debug|Any CPU
		{706FD1E3-5E64-4F71-9A1F-828357FCF2B9}.Release|Any CPU.ActiveCfg = Release|Any CPU
		{706FD1E3-5E64-4F71-9A1F-828357FCF2B9}.Release|Any CPU.Build.0 = Release|Any CPU
	EndGlobalSection
	GlobalSection(SolutionProperties) = preSolution
		HideSolutionNode = FALSE
	EndGlobalSection
	GlobalSection(ExtensibilityGlobals) = postSolution
		SolutionGuid = {5C348F6C-3076-4F57-8507-92CBD2F6D0F6}
	EndGlobalSection
EndGlobal
